
Microsoft Visual Studio Solution File, Format Version 12.00
# Visual Studio Version 17
VisualStudioVersion = 17.12.35514.174
MinimumVisualStudioVersion = 10.0.40219.1
Project("{2150E333-8FDC-42A3-9474-1A3956D46DE8}") = "Services", "Services", "{CAC5FAEC-AD32-4F30-AE3C-4D98F187A628}"
EndProject
Project("{2150E333-8FDC-42A3-9474-1A3956D46DE8}") = "ProductManagement", "ProductManagement", "{CFF81A60-3A48-4205-B2D5-E505244EDFA0}"
EndProject
Project("{FAE04EC0-301F-11D3-BF4B-00C04F79EFBC}") = "Product.Core", "Services\ProductManagement\Product.Core\Product.Core.csproj", "{FDDE2814-4209-4EF4-9726-98458C130117}"
EndProject
Project("{FAE04EC0-301F-11D3-BF4B-00C04F79EFBC}") = "Product.Application", "Services\ProductManagement\Product.Application\Product.Application.csproj", "{98A7BBAD-05BB-42BC-B6E7-34D5AB3989DC}"
EndProject
Project("{FAE04EC0-301F-11D3-BF4B-00C04F79EFBC}") = "Product.Infrastructure", "Services\ProductManagement\Product.Infrastructure\Product.Infrastructure.csproj", "{30CA291E-BA88-4448-812F-254FCF989B88}"
EndProject
Project("{FAE04EC0-301F-11D3-BF4B-00C04F79EFBC}") = "Product.API", "Services\ProductManagement\Product.API\Product.API.csproj", "{65CA73BF-AAF7-447D-A135-EEE95ED7E847}"
EndProject
Project("{E53339B2-1760-4266-BCC7-CA923CBCF16C}") = "docker-compose", "docker-compose.dcproj", "{B557E489-5AF2-4724-8C00-4C663E5CDA6E}"
EndProject
Project("{2150E333-8FDC-42A3-9474-1A3956D46DE8}") = "UserManagement", "UserManagement", "{73B902F2-34DA-42C9-BCBF-89708F0CBCB5}"
EndProject
Project("{FAE04EC0-301F-11D3-BF4B-00C04F79EFBC}") = "User.API", "Services\UserManagement\User.API\User.API.csproj", "{31EF1B62-3CA3-436F-BE65-E133BFD34584}"
EndProject
Project("{FAE04EC0-301F-11D3-BF4B-00C04F79EFBC}") = "User.Core", "Services\UserManagement\User.Core\User.Core.csproj", "{25B04303-58C0-47AA-9A13-D1FC15968E2D}"
EndProject
Project("{FAE04EC0-301F-11D3-BF4B-00C04F79EFBC}") = "User.Application", "Services\UserManagement\User.Application\User.Application.csproj", "{5570A0BB-2BAD-4DF1-8607-FC788AEAFB7E}"
EndProject
Project("{FAE04EC0-301F-11D3-BF4B-00C04F79EFBC}") = "User.Infrastructure", "Services\UserManagement\User.Infrastructure\User.Infrastructure.csproj", "{FB4E4FFA-AF96-46B6-BBE4-8BD4CF418565}"
EndProject
Project("{2150E333-8FDC-42A3-9474-1A3956D46DE8}") = "FrontEnd", "FrontEnd", "{6B43301A-5B33-4E57-826B-F9C0D9655517}"
EndProject
Project("{2150E333-8FDC-42A3-9474-1A3956D46DE8}") = "ApiGateway", "ApiGateway", "{B280DC3F-48DC-4117-8EAA-24E3B9FA4494}"
EndProject
Project("{FAE04EC0-301F-11D3-BF4B-00C04F79EFBC}") = "Ocelot.Gateway", "ApiGateway\Ocelot.Gateway\Ocelot.Gateway.csproj", "{EFFF528C-383D-49E1-885A-217A32E6DD42}"
EndProject
Project("{2150E333-8FDC-42A3-9474-1A3956D46DE8}") = "tests", "tests", "{9232CCD7-3281-4C11-8953-A00AFC14F034}"
EndProject
Project("{2150E333-8FDC-42A3-9474-1A3956D46DE8}") = "integrations", "integrations", "{F31236C9-BA35-46D6-A3DF-E97BF7942791}"
EndProject
Project("{2150E333-8FDC-42A3-9474-1A3956D46DE8}") = "tests", "tests", "{ED030A45-3C53-409D-8AAB-0B991578F690}"
EndProject
Project("{2150E333-8FDC-42A3-9474-1A3956D46DE8}") = "integrations", "integrations", "{FEABA76E-407E-40F1-A180-6E739AC08408}"
EndProject
Project("{FAE04EC0-301F-11D3-BF4B-00C04F79EFBC}") = "ProductIntegrationTests", "Services\ProductManagement\tests\integration\ProductIntegrationTests\ProductIntegrationTests.csproj", "{F18B9861-73EA-4C92-8C24-94CBF435597E}"
EndProject
Project("{FAE04EC0-301F-11D3-BF4B-00C04F79EFBC}") = "Product.Integration.Tests", "Services\ProductManagement\tests\integration\Product.Integration.Tests\Product.Integration.Tests.csproj", "{5F22700F-2E9E-4EB1-83EB-2B72E0149ABE}"
EndProject
Project("{FAE04EC0-301F-11D3-BF4B-00C04F79EFBC}") = "User.IntegrationTests", "Services\UserManagement\tests\integrations\User.IntegrationTests\User.IntegrationTests.csproj", "{0AE7073B-94E6-43E5-B783-B9C1F569D5F0}"
EndProject
Project("{FAE04EC0-301F-11D3-BF4B-00C04F79EFBC}") = "ProductAplicationTests", "Services\ProductManagement\ProductAplicationTests\ProductAplicationTests.csproj", "{5B31D643-940A-41C4-A929-D0876390AC93}"
EndProject
Global
	GlobalSection(SolutionConfigurationPlatforms) = preSolution
		Debug|Any CPU = Debug|Any CPU
		Release|Any CPU = Release|Any CPU
	EndGlobalSection
	GlobalSection(ProjectConfigurationPlatforms) = postSolution
		{FDDE2814-4209-4EF4-9726-98458C130117}.Debug|Any CPU.ActiveCfg = Debug|Any CPU
		{FDDE2814-4209-4EF4-9726-98458C130117}.Debug|Any CPU.Build.0 = Debug|Any CPU
		{FDDE2814-4209-4EF4-9726-98458C130117}.Release|Any CPU.ActiveCfg = Release|Any CPU
		{FDDE2814-4209-4EF4-9726-98458C130117}.Release|Any CPU.Build.0 = Release|Any CPU
		{98A7BBAD-05BB-42BC-B6E7-34D5AB3989DC}.Debug|Any CPU.ActiveCfg = Debug|Any CPU
		{98A7BBAD-05BB-42BC-B6E7-34D5AB3989DC}.Debug|Any CPU.Build.0 = Debug|Any CPU
		{98A7BBAD-05BB-42BC-B6E7-34D5AB3989DC}.Release|Any CPU.ActiveCfg = Release|Any CPU
		{98A7BBAD-05BB-42BC-B6E7-34D5AB3989DC}.Release|Any CPU.Build.0 = Release|Any CPU
		{30CA291E-BA88-4448-812F-254FCF989B88}.Debug|Any CPU.ActiveCfg = Debug|Any CPU
		{30CA291E-BA88-4448-812F-254FCF989B88}.Debug|Any CPU.Build.0 = Debug|Any CPU
		{30CA291E-BA88-4448-812F-254FCF989B88}.Release|Any CPU.ActiveCfg = Release|Any CPU
		{30CA291E-BA88-4448-812F-254FCF989B88}.Release|Any CPU.Build.0 = Release|Any CPU
		{65CA73BF-AAF7-447D-A135-EEE95ED7E847}.Debug|Any CPU.ActiveCfg = Debug|Any CPU
		{65CA73BF-AAF7-447D-A135-EEE95ED7E847}.Debug|Any CPU.Build.0 = Debug|Any CPU
		{65CA73BF-AAF7-447D-A135-EEE95ED7E847}.Release|Any CPU.ActiveCfg = Release|Any CPU
		{65CA73BF-AAF7-447D-A135-EEE95ED7E847}.Release|Any CPU.Build.0 = Release|Any CPU
		{B557E489-5AF2-4724-8C00-4C663E5CDA6E}.Debug|Any CPU.ActiveCfg = Debug|Any CPU
		{B557E489-5AF2-4724-8C00-4C663E5CDA6E}.Debug|Any CPU.Build.0 = Debug|Any CPU
		{B557E489-5AF2-4724-8C00-4C663E5CDA6E}.Release|Any CPU.ActiveCfg = Release|Any CPU
		{B557E489-5AF2-4724-8C00-4C663E5CDA6E}.Release|Any CPU.Build.0 = Release|Any CPU
		{31EF1B62-3CA3-436F-BE65-E133BFD34584}.Debug|Any CPU.ActiveCfg = Debug|Any CPU
		{31EF1B62-3CA3-436F-BE65-E133BFD34584}.Debug|Any CPU.Build.0 = Debug|Any CPU
		{31EF1B62-3CA3-436F-BE65-E133BFD34584}.Release|Any CPU.ActiveCfg = Release|Any CPU
		{31EF1B62-3CA3-436F-BE65-E133BFD34584}.Release|Any CPU.Build.0 = Release|Any CPU
		{25B04303-58C0-47AA-9A13-D1FC15968E2D}.Debug|Any CPU.ActiveCfg = Debug|Any CPU
		{25B04303-58C0-47AA-9A13-D1FC15968E2D}.Debug|Any CPU.Build.0 = Debug|Any CPU
		{25B04303-58C0-47AA-9A13-D1FC15968E2D}.Release|Any CPU.ActiveCfg = Release|Any CPU
		{25B04303-58C0-47AA-9A13-D1FC15968E2D}.Release|Any CPU.Build.0 = Release|Any CPU
		{5570A0BB-2BAD-4DF1-8607-FC788AEAFB7E}.Debug|Any CPU.ActiveCfg = Debug|Any CPU
		{5570A0BB-2BAD-4DF1-8607-FC788AEAFB7E}.Debug|Any CPU.Build.0 = Debug|Any CPU
		{5570A0BB-2BAD-4DF1-8607-FC788AEAFB7E}.Release|Any CPU.ActiveCfg = Release|Any CPU
		{5570A0BB-2BAD-4DF1-8607-FC788AEAFB7E}.Release|Any CPU.Build.0 = Release|Any CPU
		{FB4E4FFA-AF96-46B6-BBE4-8BD4CF418565}.Debug|Any CPU.ActiveCfg = Debug|Any CPU
		{FB4E4FFA-AF96-46B6-BBE4-8BD4CF418565}.Debug|Any CPU.Build.0 = Debug|Any CPU
		{FB4E4FFA-AF96-46B6-BBE4-8BD4CF418565}.Release|Any CPU.ActiveCfg = Release|Any CPU
		{FB4E4FFA-AF96-46B6-BBE4-8BD4CF418565}.Release|Any CPU.Build.0 = Release|Any CPU
		{EFFF528C-383D-49E1-885A-217A32E6DD42}.Debug|Any CPU.ActiveCfg = Debug|Any CPU
		{EFFF528C-383D-49E1-885A-217A32E6DD42}.Debug|Any CPU.Build.0 = Debug|Any CPU
		{EFFF528C-383D-49E1-885A-217A32E6DD42}.Release|Any CPU.ActiveCfg = Release|Any CPU
		{EFFF528C-383D-49E1-885A-217A32E6DD42}.Release|Any CPU.Build.0 = Release|Any CPU
		{F18B9861-73EA-4C92-8C24-94CBF435597E}.Debug|Any CPU.ActiveCfg = Debug|Any CPU
		{F18B9861-73EA-4C92-8C24-94CBF435597E}.Debug|Any CPU.Build.0 = Debug|Any CPU
		{F18B9861-73EA-4C92-8C24-94CBF435597E}.Release|Any CPU.ActiveCfg = Release|Any CPU
		{F18B9861-73EA-4C92-8C24-94CBF435597E}.Release|Any CPU.Build.0 = Release|Any CPU
		{5F22700F-2E9E-4EB1-83EB-2B72E0149ABE}.Debug|Any CPU.ActiveCfg = Debug|Any CPU
		{5F22700F-2E9E-4EB1-83EB-2B72E0149ABE}.Debug|Any CPU.Build.0 = Debug|Any CPU
		{5F22700F-2E9E-4EB1-83EB-2B72E0149ABE}.Release|Any CPU.ActiveCfg = Release|Any CPU
		{5F22700F-2E9E-4EB1-83EB-2B72E0149ABE}.Release|Any CPU.Build.0 = Release|Any CPU
		{0AE7073B-94E6-43E5-B783-B9C1F569D5F0}.Debug|Any CPU.ActiveCfg = Debug|Any CPU
		{0AE7073B-94E6-43E5-B783-B9C1F569D5F0}.Debug|Any CPU.Build.0 = Debug|Any CPU
		{0AE7073B-94E6-43E5-B783-B9C1F569D5F0}.Release|Any CPU.ActiveCfg = Release|Any CPU
		{0AE7073B-94E6-43E5-B783-B9C1F569D5F0}.Release|Any CPU.Build.0 = Release|Any CPU
		{5B31D643-940A-41C4-A929-D0876390AC93}.Debug|Any CPU.ActiveCfg = Debug|Any CPU
		{5B31D643-940A-41C4-A929-D0876390AC93}.Debug|Any CPU.Build.0 = Debug|Any CPU
		{5B31D643-940A-41C4-A929-D0876390AC93}.Release|Any CPU.ActiveCfg = Release|Any CPU
		{5B31D643-940A-41C4-A929-D0876390AC93}.Release|Any CPU.Build.0 = Release|Any CPU
	EndGlobalSection
	GlobalSection(SolutionProperties) = preSolution
		HideSolutionNode = FALSE
	EndGlobalSection
	GlobalSection(NestedProjects) = preSolution
		{CFF81A60-3A48-4205-B2D5-E505244EDFA0} = {CAC5FAEC-AD32-4F30-AE3C-4D98F187A628}
		{FDDE2814-4209-4EF4-9726-98458C130117} = {CFF81A60-3A48-4205-B2D5-E505244EDFA0}
		{98A7BBAD-05BB-42BC-B6E7-34D5AB3989DC} = {CFF81A60-3A48-4205-B2D5-E505244EDFA0}
		{30CA291E-BA88-4448-812F-254FCF989B88} = {CFF81A60-3A48-4205-B2D5-E505244EDFA0}
		{65CA73BF-AAF7-447D-A135-EEE95ED7E847} = {CFF81A60-3A48-4205-B2D5-E505244EDFA0}
		{73B902F2-34DA-42C9-BCBF-89708F0CBCB5} = {CAC5FAEC-AD32-4F30-AE3C-4D98F187A628}
		{31EF1B62-3CA3-436F-BE65-E133BFD34584} = {73B902F2-34DA-42C9-BCBF-89708F0CBCB5}
		{25B04303-58C0-47AA-9A13-D1FC15968E2D} = {73B902F2-34DA-42C9-BCBF-89708F0CBCB5}
		{5570A0BB-2BAD-4DF1-8607-FC788AEAFB7E} = {73B902F2-34DA-42C9-BCBF-89708F0CBCB5}
		{FB4E4FFA-AF96-46B6-BBE4-8BD4CF418565} = {73B902F2-34DA-42C9-BCBF-89708F0CBCB5}
		{EFFF528C-383D-49E1-885A-217A32E6DD42} = {B280DC3F-48DC-4117-8EAA-24E3B9FA4494}
		{9232CCD7-3281-4C11-8953-A00AFC14F034} = {73B902F2-34DA-42C9-BCBF-89708F0CBCB5}
		{F31236C9-BA35-46D6-A3DF-E97BF7942791} = {9232CCD7-3281-4C11-8953-A00AFC14F034}
		{ED030A45-3C53-409D-8AAB-0B991578F690} = {CFF81A60-3A48-4205-B2D5-E505244EDFA0}
		{FEABA76E-407E-40F1-A180-6E739AC08408} = {ED030A45-3C53-409D-8AAB-0B991578F690}
		{F18B9861-73EA-4C92-8C24-94CBF435597E} = {FEABA76E-407E-40F1-A180-6E739AC08408}
		{5F22700F-2E9E-4EB1-83EB-2B72E0149ABE} = {FEABA76E-407E-40F1-A180-6E739AC08408}
		{0AE7073B-94E6-43E5-B783-B9C1F569D5F0} = {F31236C9-BA35-46D6-A3DF-E97BF7942791}
		{5B31D643-940A-41C4-A929-D0876390AC93} = {CFF81A60-3A48-4205-B2D5-E505244EDFA0}
	EndGlobalSection
EndGlobal
